// !$*UTF8*$!
{
	archiveVersion = 1;
	classes = {
	};
	objectVersion = 51;
	objects = {

/* Begin PBXBuildFile section */
		C8B5D0F6AE81E6D0D9BB7EA8 /* Pods_TheMovieDatabaseTests.framework in Frameworks */ = {isa = PBXBuildFile; fileRef = 97DC9B31A6DF12A6DAC00704 /* Pods_TheMovieDatabaseTests.framework */; };
		E1C736A22411153B00E60D7C /* AppDelegate.swift in Sources */ = {isa = PBXBuildFile; fileRef = E1C736A12411153B00E60D7C /* AppDelegate.swift */; };
		E1C736AB2411154700E60D7C /* Assets.xcassets in Resources */ = {isa = PBXBuildFile; fileRef = E1C736AA2411154700E60D7C /* Assets.xcassets */; };
		E1C736AE2411154700E60D7C /* LaunchScreen.storyboard in Resources */ = {isa = PBXBuildFile; fileRef = E1C736AC2411154700E60D7C /* LaunchScreen.storyboard */; };
		E1C736B92411154700E60D7C /* TheMovieDatabaseTests.swift in Sources */ = {isa = PBXBuildFile; fileRef = E1C736B82411154700E60D7C /* TheMovieDatabaseTests.swift */; };
		E1C736C7241196B900E60D7C /* SFProDisplay-Thin.ttf in Resources */ = {isa = PBXBuildFile; fileRef = E1C736C6241196B900E60D7C /* SFProDisplay-Thin.ttf */; };
		E1C736CB241284B700E60D7C /* Rules.swiftlint.yml in Resources */ = {isa = PBXBuildFile; fileRef = E1C736CA241284B700E60D7C /* Rules.swiftlint.yml */; };
		E1C736D02412A67400E60D7C /* LoginViewController.swift in Sources */ = {isa = PBXBuildFile; fileRef = E1C736CE2412A67400E60D7C /* LoginViewController.swift */; };
		E1C736D12412A67400E60D7C /* LoginViewController.xib in Resources */ = {isa = PBXBuildFile; fileRef = E1C736CF2412A67400E60D7C /* LoginViewController.xib */; };
		E1C736D32412A84E00E60D7C /* SFProDisplay-Regular.ttf in Resources */ = {isa = PBXBuildFile; fileRef = E1C736D22412A84E00E60D7C /* SFProDisplay-Regular.ttf */; };
		E1C736D52412C78000E60D7C /* Colors.xcassets in Resources */ = {isa = PBXBuildFile; fileRef = E1C736D42412C78000E60D7C /* Colors.xcassets */; };
		E1C736FB2413C1AB00E60D7C /* Default-568h@2x.png in Resources */ = {isa = PBXBuildFile; fileRef = E1C736FA2413C1AB00E60D7C /* Default-568h@2x.png */; };
		E1C736FF2413C40B00E60D7C /* ViewControllerExtension.swift in Sources */ = {isa = PBXBuildFile; fileRef = E1C736FE2413C40B00E60D7C /* ViewControllerExtension.swift */; };
		E1C737012413C85900E60D7C /* TextFieldExtension.swift in Sources */ = {isa = PBXBuildFile; fileRef = E1C737002413C85900E60D7C /* TextFieldExtension.swift */; };
		E1C737052413DCE200E60D7C /* TabBarController.swift in Sources */ = {isa = PBXBuildFile; fileRef = E1C737032413DCE200E60D7C /* TabBarController.swift */; };
		E1C737062413DCE200E60D7C /* TabBarController.xib in Resources */ = {isa = PBXBuildFile; fileRef = E1C737042413DCE200E60D7C /* TabBarController.xib */; };
		E1C7370A2413DF6000E60D7C /* MainViewController.swift in Sources */ = {isa = PBXBuildFile; fileRef = E1C737082413DF6000E60D7C /* MainViewController.swift */; };
		E1C7370B2413DF6000E60D7C /* MainViewController.xib in Resources */ = {isa = PBXBuildFile; fileRef = E1C737092413DF6000E60D7C /* MainViewController.xib */; };
		E1C7370F2413F84800E60D7C /* FavoriveViewController.swift in Sources */ = {isa = PBXBuildFile; fileRef = E1C7370D2413F84800E60D7C /* FavoriveViewController.swift */; };
		E1C737102413F84800E60D7C /* FavoriveViewController.xib in Resources */ = {isa = PBXBuildFile; fileRef = E1C7370E2413F84800E60D7C /* FavoriveViewController.xib */; };
		E1C737142413FECA00E60D7C /* ProfileViewController.swift in Sources */ = {isa = PBXBuildFile; fileRef = E1C737122413FECA00E60D7C /* ProfileViewController.swift */; };
		E1C737152413FECA00E60D7C /* ProfileViewController.xib in Resources */ = {isa = PBXBuildFile; fileRef = E1C737132413FECA00E60D7C /* ProfileViewController.xib */; };
		E1C73717241540A400E60D7C /* NavigationControllerExtension.swift in Sources */ = {isa = PBXBuildFile; fileRef = E1C73716241540A200E60D7C /* NavigationControllerExtension.swift */; };
		E1C737192416057900E60D7C /* User.swift in Sources */ = {isa = PBXBuildFile; fileRef = E1C737182416057900E60D7C /* User.swift */; };
		E1C7371B2416058C00E60D7C /* Movie.swift in Sources */ = {isa = PBXBuildFile; fileRef = E1C7371A2416058C00E60D7C /* Movie.swift */; };
		E1C7371E2416228E00E60D7C /* Router.swift in Sources */ = {isa = PBXBuildFile; fileRef = E1C7371D2416228E00E60D7C /* Router.swift */; };
		E1C73720241632F400E60D7C /* UserService.swift in Sources */ = {isa = PBXBuildFile; fileRef = E1C7371F241632F400E60D7C /* UserService.swift */; };
		E9B6C8C9A547CB22CCCB1D9C /* Pods_TheMovieDatabase.framework in Frameworks */ = {isa = PBXBuildFile; fileRef = 8C5FA27E5F7CC7A64E5BFC96 /* Pods_TheMovieDatabase.framework */; };
/* End PBXBuildFile section */

/* Begin PBXContainerItemProxy section */
		E1C736B52411154700E60D7C /* PBXContainerItemProxy */ = {
			isa = PBXContainerItemProxy;
			containerPortal = E1C736962411153B00E60D7C /* Project object */;
			proxyType = 1;
			remoteGlobalIDString = E1C7369D2411153B00E60D7C;
			remoteInfo = TheMovieDatabase;
		};
/* End PBXContainerItemProxy section */

/* Begin PBXFileReference section */
		2D8E8C481D6F762EB6167C2C /* Pods-TheMovieDatabaseTests.debug.xcconfig */ = {isa = PBXFileReference; includeInIndex = 1; lastKnownFileType = text.xcconfig; name = "Pods-TheMovieDatabaseTests.debug.xcconfig"; path = "Target Support Files/Pods-TheMovieDatabaseTests/Pods-TheMovieDatabaseTests.debug.xcconfig"; sourceTree = "<group>"; };
		8C5FA27E5F7CC7A64E5BFC96 /* Pods_TheMovieDatabase.framework */ = {isa = PBXFileReference; explicitFileType = wrapper.framework; includeInIndex = 0; path = Pods_TheMovieDatabase.framework; sourceTree = BUILT_PRODUCTS_DIR; };
		97DC9B31A6DF12A6DAC00704 /* Pods_TheMovieDatabaseTests.framework */ = {isa = PBXFileReference; explicitFileType = wrapper.framework; includeInIndex = 0; path = Pods_TheMovieDatabaseTests.framework; sourceTree = BUILT_PRODUCTS_DIR; };
		B69970511E691E7B3E2CDE77 /* Pods-TheMovieDatabase.release.xcconfig */ = {isa = PBXFileReference; includeInIndex = 1; lastKnownFileType = text.xcconfig; name = "Pods-TheMovieDatabase.release.xcconfig"; path = "Target Support Files/Pods-TheMovieDatabase/Pods-TheMovieDatabase.release.xcconfig"; sourceTree = "<group>"; };
		E1C7369E2411153B00E60D7C /* TheMovieDatabase.app */ = {isa = PBXFileReference; explicitFileType = wrapper.application; includeInIndex = 0; path = TheMovieDatabase.app; sourceTree = BUILT_PRODUCTS_DIR; };
		E1C736A12411153B00E60D7C /* AppDelegate.swift */ = {isa = PBXFileReference; lastKnownFileType = sourcecode.swift; path = AppDelegate.swift; sourceTree = "<group>"; };
		E1C736AA2411154700E60D7C /* Assets.xcassets */ = {isa = PBXFileReference; lastKnownFileType = folder.assetcatalog; path = Assets.xcassets; sourceTree = "<group>"; };
		E1C736AD2411154700E60D7C /* Base */ = {isa = PBXFileReference; lastKnownFileType = file.storyboard; name = Base; path = Base.lproj/LaunchScreen.storyboard; sourceTree = "<group>"; };
		E1C736AF2411154700E60D7C /* Info.plist */ = {isa = PBXFileReference; lastKnownFileType = text.plist.xml; path = Info.plist; sourceTree = "<group>"; };
		E1C736B42411154700E60D7C /* TheMovieDatabaseTests.xctest */ = {isa = PBXFileReference; explicitFileType = wrapper.cfbundle; includeInIndex = 0; path = TheMovieDatabaseTests.xctest; sourceTree = BUILT_PRODUCTS_DIR; };
		E1C736B82411154700E60D7C /* TheMovieDatabaseTests.swift */ = {isa = PBXFileReference; lastKnownFileType = sourcecode.swift; path = TheMovieDatabaseTests.swift; sourceTree = "<group>"; };
		E1C736BA2411154700E60D7C /* Info.plist */ = {isa = PBXFileReference; lastKnownFileType = text.plist.xml; path = Info.plist; sourceTree = "<group>"; };
		E1C736C6241196B900E60D7C /* SFProDisplay-Thin.ttf */ = {isa = PBXFileReference; lastKnownFileType = file; path = "SFProDisplay-Thin.ttf"; sourceTree = "<group>"; };
		E1C736CA241284B700E60D7C /* Rules.swiftlint.yml */ = {isa = PBXFileReference; lastKnownFileType = text.yaml; path = Rules.swiftlint.yml; sourceTree = "<group>"; };
		E1C736CE2412A67400E60D7C /* LoginViewController.swift */ = {isa = PBXFileReference; lastKnownFileType = sourcecode.swift; path = LoginViewController.swift; sourceTree = "<group>"; };
		E1C736CF2412A67400E60D7C /* LoginViewController.xib */ = {isa = PBXFileReference; lastKnownFileType = file.xib; path = LoginViewController.xib; sourceTree = "<group>"; };
		E1C736D22412A84E00E60D7C /* SFProDisplay-Regular.ttf */ = {isa = PBXFileReference; lastKnownFileType = file; path = "SFProDisplay-Regular.ttf"; sourceTree = "<group>"; };
		E1C736D42412C78000E60D7C /* Colors.xcassets */ = {isa = PBXFileReference; lastKnownFileType = folder.assetcatalog; path = Colors.xcassets; sourceTree = "<group>"; };
		E1C736FA2413C1AB00E60D7C /* Default-568h@2x.png */ = {isa = PBXFileReference; lastKnownFileType = image.png; path = "Default-568h@2x.png"; sourceTree = "<group>"; };
		E1C736FE2413C40B00E60D7C /* ViewControllerExtension.swift */ = {isa = PBXFileReference; lastKnownFileType = sourcecode.swift; path = ViewControllerExtension.swift; sourceTree = "<group>"; };
		E1C737002413C85900E60D7C /* TextFieldExtension.swift */ = {isa = PBXFileReference; lastKnownFileType = sourcecode.swift; path = TextFieldExtension.swift; sourceTree = "<group>"; };
		E1C737032413DCE200E60D7C /* TabBarController.swift */ = {isa = PBXFileReference; lastKnownFileType = sourcecode.swift; path = TabBarController.swift; sourceTree = "<group>"; };
		E1C737042413DCE200E60D7C /* TabBarController.xib */ = {isa = PBXFileReference; lastKnownFileType = file.xib; path = TabBarController.xib; sourceTree = "<group>"; };
		E1C737082413DF6000E60D7C /* MainViewController.swift */ = {isa = PBXFileReference; lastKnownFileType = sourcecode.swift; path = MainViewController.swift; sourceTree = "<group>"; };
		E1C737092413DF6000E60D7C /* MainViewController.xib */ = {isa = PBXFileReference; lastKnownFileType = file.xib; path = MainViewController.xib; sourceTree = "<group>"; };
		E1C7370D2413F84800E60D7C /* FavoriveViewController.swift */ = {isa = PBXFileReference; lastKnownFileType = sourcecode.swift; path = FavoriveViewController.swift; sourceTree = "<group>"; };
		E1C7370E2413F84800E60D7C /* FavoriveViewController.xib */ = {isa = PBXFileReference; lastKnownFileType = file.xib; path = FavoriveViewController.xib; sourceTree = "<group>"; };
		E1C737122413FECA00E60D7C /* ProfileViewController.swift */ = {isa = PBXFileReference; lastKnownFileType = sourcecode.swift; path = ProfileViewController.swift; sourceTree = "<group>"; };
		E1C737132413FECA00E60D7C /* ProfileViewController.xib */ = {isa = PBXFileReference; lastKnownFileType = file.xib; path = ProfileViewController.xib; sourceTree = "<group>"; };
		E1C73716241540A200E60D7C /* NavigationControllerExtension.swift */ = {isa = PBXFileReference; lastKnownFileType = sourcecode.swift; path = NavigationControllerExtension.swift; sourceTree = "<group>"; };
		E1C737182416057900E60D7C /* User.swift */ = {isa = PBXFileReference; lastKnownFileType = sourcecode.swift; path = User.swift; sourceTree = "<group>"; };
		E1C7371A2416058C00E60D7C /* Movie.swift */ = {isa = PBXFileReference; lastKnownFileType = sourcecode.swift; path = Movie.swift; sourceTree = "<group>"; };
		E1C7371D2416228E00E60D7C /* Router.swift */ = {isa = PBXFileReference; lastKnownFileType = sourcecode.swift; path = Router.swift; sourceTree = "<group>"; };
		E1C7371F241632F400E60D7C /* UserService.swift */ = {isa = PBXFileReference; lastKnownFileType = sourcecode.swift; path = UserService.swift; sourceTree = "<group>"; };
		F19F5C25969CC56FED218C66 /* Pods-TheMovieDatabaseTests.release.xcconfig */ = {isa = PBXFileReference; includeInIndex = 1; lastKnownFileType = text.xcconfig; name = "Pods-TheMovieDatabaseTests.release.xcconfig"; path = "Target Support Files/Pods-TheMovieDatabaseTests/Pods-TheMovieDatabaseTests.release.xcconfig"; sourceTree = "<group>"; };
		F2F9485C947B9B43A887C2E3 /* Pods-TheMovieDatabase.debug.xcconfig */ = {isa = PBXFileReference; includeInIndex = 1; lastKnownFileType = text.xcconfig; name = "Pods-TheMovieDatabase.debug.xcconfig"; path = "Target Support Files/Pods-TheMovieDatabase/Pods-TheMovieDatabase.debug.xcconfig"; sourceTree = "<group>"; };
/* End PBXFileReference section */

/* Begin PBXFrameworksBuildPhase section */
		E1C7369B2411153B00E60D7C /* Frameworks */ = {
			isa = PBXFrameworksBuildPhase;
			buildActionMask = 2147483647;
			files = (
				E9B6C8C9A547CB22CCCB1D9C /* Pods_TheMovieDatabase.framework in Frameworks */,
			);
			runOnlyForDeploymentPostprocessing = 0;
		};
		E1C736B12411154700E60D7C /* Frameworks */ = {
			isa = PBXFrameworksBuildPhase;
			buildActionMask = 2147483647;
			files = (
				C8B5D0F6AE81E6D0D9BB7EA8 /* Pods_TheMovieDatabaseTests.framework in Frameworks */,
			);
			runOnlyForDeploymentPostprocessing = 0;
		};
/* End PBXFrameworksBuildPhase section */

/* Begin PBXGroup section */
		2EA8C1E5C641956C60418CCD /* Frameworks */ = {
			isa = PBXGroup;
			children = (
				8C5FA27E5F7CC7A64E5BFC96 /* Pods_TheMovieDatabase.framework */,
				97DC9B31A6DF12A6DAC00704 /* Pods_TheMovieDatabaseTests.framework */,
			);
			name = Frameworks;
			sourceTree = "<group>";
		};
		E1C736952411153B00E60D7C = {
			isa = PBXGroup;
			children = (
				E1C736FA2413C1AB00E60D7C /* Default-568h@2x.png */,
				E1C736A02411153B00E60D7C /* TheMovieDatabase */,
				E1C736B72411154700E60D7C /* TheMovieDatabaseTests */,
				E1C7369F2411153B00E60D7C /* Products */,
				FF21FBDC9C16FC0617AB890D /* Pods */,
				2EA8C1E5C641956C60418CCD /* Frameworks */,
			);
			sourceTree = "<group>";
		};
		E1C7369F2411153B00E60D7C /* Products */ = {
			isa = PBXGroup;
			children = (
				E1C7369E2411153B00E60D7C /* TheMovieDatabase.app */,
				E1C736B42411154700E60D7C /* TheMovieDatabaseTests.xctest */,
			);
			name = Products;
			sourceTree = "<group>";
		};
		E1C736A02411153B00E60D7C /* TheMovieDatabase */ = {
			isa = PBXGroup;
			children = (
				E1C736A12411153B00E60D7C /* AppDelegate.swift */,
				E1C736CA241284B700E60D7C /* Rules.swiftlint.yml */,
				E1C736C42411648D00E60D7C /* Supporting files */,
				E1C736C32411570000E60D7C /* Resources */,
				E1C7371C2416225300E60D7C /* Business Logic */,
				E1C736C8241197AC00E60D7C /* Model */,
				E1C736C9241197B900E60D7C /* Presentation */,
			);
			path = TheMovieDatabase;
			sourceTree = "<group>";
		};
		E1C736B72411154700E60D7C /* TheMovieDatabaseTests */ = {
			isa = PBXGroup;
			children = (
				E1C736B82411154700E60D7C /* TheMovieDatabaseTests.swift */,
				E1C736BA2411154700E60D7C /* Info.plist */,
			);
			path = TheMovieDatabaseTests;
			sourceTree = "<group>";
		};
		E1C736C32411570000E60D7C /* Resources */ = {
			isa = PBXGroup;
			children = (
				E1C736C52411967400E60D7C /* Fonts */,
				E1C736AC2411154700E60D7C /* LaunchScreen.storyboard */,
				E1C736AA2411154700E60D7C /* Assets.xcassets */,
				E1C736D42412C78000E60D7C /* Colors.xcassets */,
			);
			path = Resources;
			sourceTree = "<group>";
		};
		E1C736C42411648D00E60D7C /* Supporting files */ = {
			isa = PBXGroup;
			children = (
				E1C736AF2411154700E60D7C /* Info.plist */,
			);
			path = "Supporting files";
			sourceTree = "<group>";
		};
		E1C736C52411967400E60D7C /* Fonts */ = {
			isa = PBXGroup;
			children = (
				E1C736C6241196B900E60D7C /* SFProDisplay-Thin.ttf */,
				E1C736D22412A84E00E60D7C /* SFProDisplay-Regular.ttf */,
			);
			path = Fonts;
			sourceTree = "<group>";
		};
		E1C736C8241197AC00E60D7C /* Model */ = {
			isa = PBXGroup;
			children = (
				E1C737182416057900E60D7C /* User.swift */,
				E1C7371A2416058C00E60D7C /* Movie.swift */,
			);
			path = Model;
			sourceTree = "<group>";
		};
		E1C736C9241197B900E60D7C /* Presentation */ = {
			isa = PBXGroup;
			children = (
				E1C736FC2413C3BB00E60D7C /* Common */,
				E1C737112413FEA500E60D7C /* ProfileViewController */,
				E1C7370C2413F82300E60D7C /* FavoriveViewController */,
				E1C737072413DF2300E60D7C /* MainViewController */,
				E1C737022413DC9900E60D7C /* TabBarController */,
				E1C736CD2412A63C00E60D7C /* LoginViewController */,
			);
			path = Presentation;
			sourceTree = "<group>";
		};
		E1C736CD2412A63C00E60D7C /* LoginViewController */ = {
			isa = PBXGroup;
			children = (
				E1C736CE2412A67400E60D7C /* LoginViewController.swift */,
				E1C736CF2412A67400E60D7C /* LoginViewController.xib */,
			);
			path = LoginViewController;
			sourceTree = "<group>";
		};
		E1C736FC2413C3BB00E60D7C /* Common */ = {
			isa = PBXGroup;
			children = (
				E1C736FD2413C3D600E60D7C /* Extensions */,
			);
			path = Common;
			sourceTree = "<group>";
		};
		E1C736FD2413C3D600E60D7C /* Extensions */ = {
			isa = PBXGroup;
			children = (
				E1C736FE2413C40B00E60D7C /* ViewControllerExtension.swift */,
				E1C737002413C85900E60D7C /* TextFieldExtension.swift */,
				E1C73716241540A200E60D7C /* NavigationControllerExtension.swift */,
			);
			path = Extensions;
			sourceTree = "<group>";
		};
		E1C737022413DC9900E60D7C /* TabBarController */ = {
			isa = PBXGroup;
			children = (
				E1C737032413DCE200E60D7C /* TabBarController.swift */,
				E1C737042413DCE200E60D7C /* TabBarController.xib */,
			);
			path = TabBarController;
			sourceTree = "<group>";
		};
		E1C737072413DF2300E60D7C /* MainViewController */ = {
			isa = PBXGroup;
			children = (
				E1C737082413DF6000E60D7C /* MainViewController.swift */,
				E1C737092413DF6000E60D7C /* MainViewController.xib */,
			);
			path = MainViewController;
			sourceTree = "<group>";
		};
		E1C7370C2413F82300E60D7C /* FavoriveViewController */ = {
			isa = PBXGroup;
			children = (
				E1C7370D2413F84800E60D7C /* FavoriveViewController.swift */,
				E1C7370E2413F84800E60D7C /* FavoriveViewController.xib */,
			);
			path = FavoriveViewController;
			sourceTree = "<group>";
		};
		E1C737112413FEA500E60D7C /* ProfileViewController */ = {
			isa = PBXGroup;
			children = (
				E1C737122413FECA00E60D7C /* ProfileViewController.swift */,
				E1C737132413FECA00E60D7C /* ProfileViewController.xib */,
			);
			path = ProfileViewController;
			sourceTree = "<group>";
		};
		E1C7371C2416225300E60D7C /* Business Logic */ = {
			isa = PBXGroup;
			children = (
				E1C7371D2416228E00E60D7C /* Router.swift */,
				E1C7371F241632F400E60D7C /* UserService.swift */,
			);
			path = "Business Logic";
			sourceTree = "<group>";
		};
		FF21FBDC9C16FC0617AB890D /* Pods */ = {
			isa = PBXGroup;
			children = (
				F2F9485C947B9B43A887C2E3 /* Pods-TheMovieDatabase.debug.xcconfig */,
				B69970511E691E7B3E2CDE77 /* Pods-TheMovieDatabase.release.xcconfig */,
				2D8E8C481D6F762EB6167C2C /* Pods-TheMovieDatabaseTests.debug.xcconfig */,
				F19F5C25969CC56FED218C66 /* Pods-TheMovieDatabaseTests.release.xcconfig */,
			);
			path = Pods;
			sourceTree = "<group>";
		};
/* End PBXGroup section */

/* Begin PBXNativeTarget section */
		E1C7369D2411153B00E60D7C /* TheMovieDatabase */ = {
			isa = PBXNativeTarget;
			buildConfigurationList = E1C736BD2411154700E60D7C /* Build configuration list for PBXNativeTarget "TheMovieDatabase" */;
			buildPhases = (
				4E77A8B9BD7BAB0F28CE7A0F /* [CP] Check Pods Manifest.lock */,
				E1C7369A2411153B00E60D7C /* Sources */,
				E1C7369B2411153B00E60D7C /* Frameworks */,
				E1C7369C2411153B00E60D7C /* Resources */,
				3B148ECD25A60DDB4CE40A3F /* [CP] Embed Pods Frameworks */,
			);
			buildRules = (
			);
			dependencies = (
			);
			name = TheMovieDatabase;
			productName = TheMovieDatabase;
			productReference = E1C7369E2411153B00E60D7C /* TheMovieDatabase.app */;
			productType = "com.apple.product-type.application";
		};
		E1C736B32411154700E60D7C /* TheMovieDatabaseTests */ = {
			isa = PBXNativeTarget;
			buildConfigurationList = E1C736C02411154700E60D7C /* Build configuration list for PBXNativeTarget "TheMovieDatabaseTests" */;
			buildPhases = (
				340022EABA9AFD5373F34E2D /* [CP] Check Pods Manifest.lock */,
				E1C736B02411154700E60D7C /* Sources */,
				E1C736B12411154700E60D7C /* Frameworks */,
				E1C736B22411154700E60D7C /* Resources */,
			);
			buildRules = (
			);
			dependencies = (
				E1C736B62411154700E60D7C /* PBXTargetDependency */,
			);
			name = TheMovieDatabaseTests;
			productName = TheMovieDatabaseTests;
			productReference = E1C736B42411154700E60D7C /* TheMovieDatabaseTests.xctest */;
			productType = "com.apple.product-type.bundle.unit-test";
		};
/* End PBXNativeTarget section */

/* Begin PBXProject section */
		E1C736962411153B00E60D7C /* Project object */ = {
			isa = PBXProject;
			attributes = {
				LastSwiftUpdateCheck = 1130;
				LastUpgradeCheck = 1130;
				ORGANIZATIONNAME = Redmadrobot;
				TargetAttributes = {
					E1C7369D2411153B00E60D7C = {
						CreatedOnToolsVersion = 11.3.1;
					};
					E1C736B32411154700E60D7C = {
						CreatedOnToolsVersion = 11.3.1;
						TestTargetID = E1C7369D2411153B00E60D7C;
					};
				};
			};
			buildConfigurationList = E1C736992411153B00E60D7C /* Build configuration list for PBXProject "TheMovieDatabase" */;
			compatibilityVersion = "Xcode 9.3";
			developmentRegion = en;
			hasScannedForEncodings = 0;
			knownRegions = (
				en,
				Base,
			);
			mainGroup = E1C736952411153B00E60D7C;
			productRefGroup = E1C7369F2411153B00E60D7C /* Products */;
			projectDirPath = "";
			projectRoot = "";
			targets = (
				E1C7369D2411153B00E60D7C /* TheMovieDatabase */,
				E1C736B32411154700E60D7C /* TheMovieDatabaseTests */,
			);
		};
/* End PBXProject section */

/* Begin PBXResourcesBuildPhase section */
		E1C7369C2411153B00E60D7C /* Resources */ = {
			isa = PBXResourcesBuildPhase;
			buildActionMask = 2147483647;
			files = (
				E1C736D12412A67400E60D7C /* LoginViewController.xib in Resources */,
				E1C736CB241284B700E60D7C /* Rules.swiftlint.yml in Resources */,
				E1C736AE2411154700E60D7C /* LaunchScreen.storyboard in Resources */,
				E1C736D32412A84E00E60D7C /* SFProDisplay-Regular.ttf in Resources */,
				E1C737062413DCE200E60D7C /* TabBarController.xib in Resources */,
				E1C736AB2411154700E60D7C /* Assets.xcassets in Resources */,
				E1C737152413FECA00E60D7C /* ProfileViewController.xib in Resources */,
				E1C737102413F84800E60D7C /* FavoriveViewController.xib in Resources */,
				E1C736FB2413C1AB00E60D7C /* Default-568h@2x.png in Resources */,
				E1C7370B2413DF6000E60D7C /* MainViewController.xib in Resources */,
				E1C736C7241196B900E60D7C /* SFProDisplay-Thin.ttf in Resources */,
				E1C736D52412C78000E60D7C /* Colors.xcassets in Resources */,
			);
			runOnlyForDeploymentPostprocessing = 0;
		};
		E1C736B22411154700E60D7C /* Resources */ = {
			isa = PBXResourcesBuildPhase;
			buildActionMask = 2147483647;
			files = (
			);
			runOnlyForDeploymentPostprocessing = 0;
		};
/* End PBXResourcesBuildPhase section */

/* Begin PBXShellScriptBuildPhase section */
		340022EABA9AFD5373F34E2D /* [CP] Check Pods Manifest.lock */ = {
			isa = PBXShellScriptBuildPhase;
			buildActionMask = 2147483647;
			files = (
			);
			inputFileListPaths = (
			);
			inputPaths = (
				"${PODS_PODFILE_DIR_PATH}/Podfile.lock",
				"${PODS_ROOT}/Manifest.lock",
			);
			name = "[CP] Check Pods Manifest.lock";
			outputFileListPaths = (
			);
			outputPaths = (
				"$(DERIVED_FILE_DIR)/Pods-TheMovieDatabaseTests-checkManifestLockResult.txt",
			);
			runOnlyForDeploymentPostprocessing = 0;
			shellPath = /bin/sh;
			shellScript = "diff \"${PODS_PODFILE_DIR_PATH}/Podfile.lock\" \"${PODS_ROOT}/Manifest.lock\" > /dev/null\nif [ $? != 0 ] ; then\n    # print error to STDERR\n    echo \"error: The sandbox is not in sync with the Podfile.lock. Run 'pod install' or update your CocoaPods installation.\" >&2\n    exit 1\nfi\n# This output is used by Xcode 'outputs' to avoid re-running this script phase.\necho \"SUCCESS\" > \"${SCRIPT_OUTPUT_FILE_0}\"\n";
			showEnvVarsInLog = 0;
		};
		3B148ECD25A60DDB4CE40A3F /* [CP] Embed Pods Frameworks */ = {
			isa = PBXShellScriptBuildPhase;
			buildActionMask = 2147483647;
			files = (
			);
			inputFileListPaths = (
				"${PODS_ROOT}/Target Support Files/Pods-TheMovieDatabase/Pods-TheMovieDatabase-frameworks-${CONFIGURATION}-input-files.xcfilelist",
			);
			name = "[CP] Embed Pods Frameworks";
			outputFileListPaths = (
				"${PODS_ROOT}/Target Support Files/Pods-TheMovieDatabase/Pods-TheMovieDatabase-frameworks-${CONFIGURATION}-output-files.xcfilelist",
			);
			runOnlyForDeploymentPostprocessing = 0;
			shellPath = /bin/sh;
			shellScript = "\"${PODS_ROOT}/Target Support Files/Pods-TheMovieDatabase/Pods-TheMovieDatabase-frameworks.sh\"\n";
			showEnvVarsInLog = 0;
		};
		4E77A8B9BD7BAB0F28CE7A0F /* [CP] Check Pods Manifest.lock */ = {
			isa = PBXShellScriptBuildPhase;
			buildActionMask = 2147483647;
			files = (
			);
			inputFileListPaths = (
			);
			inputPaths = (
				"${PODS_PODFILE_DIR_PATH}/Podfile.lock",
				"${PODS_ROOT}/Manifest.lock",
			);
			name = "[CP] Check Pods Manifest.lock";
			outputFileListPaths = (
			);
			outputPaths = (
				"$(DERIVED_FILE_DIR)/Pods-TheMovieDatabase-checkManifestLockResult.txt",
			);
			runOnlyForDeploymentPostprocessing = 0;
			shellPath = /bin/sh;
			shellScript = "diff \"${PODS_PODFILE_DIR_PATH}/Podfile.lock\" \"${PODS_ROOT}/Manifest.lock\" > /dev/null\nif [ $? != 0 ] ; then\n    # print error to STDERR\n    echo \"error: The sandbox is not in sync with the Podfile.lock. Run 'pod install' or update your CocoaPods installation.\" >&2\n    exit 1\nfi\n# This output is used by Xcode 'outputs' to avoid re-running this script phase.\necho \"SUCCESS\" > \"${SCRIPT_OUTPUT_FILE_0}\"\n";
			showEnvVarsInLog = 0;
		};
/* End PBXShellScriptBuildPhase section */

/* Begin PBXSourcesBuildPhase section */
		E1C7369A2411153B00E60D7C /* Sources */ = {
			isa = PBXSourcesBuildPhase;
			buildActionMask = 2147483647;
			files = (
				E1C736D02412A67400E60D7C /* LoginViewController.swift in Sources */,
				E1C737012413C85900E60D7C /* TextFieldExtension.swift in Sources */,
				E1C736A22411153B00E60D7C /* AppDelegate.swift in Sources */,
				E1C7370A2413DF6000E60D7C /* MainViewController.swift in Sources */,
				E1C7371E2416228E00E60D7C /* Router.swift in Sources */,
				E1C737052413DCE200E60D7C /* TabBarController.swift in Sources */,
				E1C73720241632F400E60D7C /* UserService.swift in Sources */,
				E1C7370F2413F84800E60D7C /* FavoriveViewController.swift in Sources */,
				E1C737142413FECA00E60D7C /* ProfileViewController.swift in Sources */,
				E1C73717241540A400E60D7C /* NavigationControllerExtension.swift in Sources */,
				E1C737192416057900E60D7C /* User.swift in Sources */,
				E1C7371B2416058C00E60D7C /* Movie.swift in Sources */,
				E1C736FF2413C40B00E60D7C /* ViewControllerExtension.swift in Sources */,
			);
			runOnlyForDeploymentPostprocessing = 0;
		};
		E1C736B02411154700E60D7C /* Sources */ = {
			isa = PBXSourcesBuildPhase;
			buildActionMask = 2147483647;
			files = (
				E1C736B92411154700E60D7C /* TheMovieDatabaseTests.swift in Sources */,
			);
			runOnlyForDeploymentPostprocessing = 0;
		};
/* End PBXSourcesBuildPhase section */

/* Begin PBXTargetDependency section */
		E1C736B62411154700E60D7C /* PBXTargetDependency */ = {
			isa = PBXTargetDependency;
			target = E1C7369D2411153B00E60D7C /* TheMovieDatabase */;
			targetProxy = E1C736B52411154700E60D7C /* PBXContainerItemProxy */;
		};
/* End PBXTargetDependency section */

/* Begin PBXVariantGroup section */
		E1C736AC2411154700E60D7C /* LaunchScreen.storyboard */ = {
			isa = PBXVariantGroup;
			children = (
				E1C736AD2411154700E60D7C /* Base */,
			);
			name = LaunchScreen.storyboard;
			sourceTree = "<group>";
		};
/* End PBXVariantGroup section */

/* Begin XCBuildConfiguration section */
		E1C736BB2411154700E60D7C /* Debug */ = {
			isa = XCBuildConfiguration;
			buildSettings = {
				ALWAYS_SEARCH_USER_PATHS = NO;
				CLANG_ANALYZER_NONNULL = YES;
				CLANG_ANALYZER_NUMBER_OBJECT_CONVERSION = YES_AGGRESSIVE;
				CLANG_CXX_LANGUAGE_STANDARD = "gnu++14";
				CLANG_CXX_LIBRARY = "libc++";
				CLANG_ENABLE_MODULES = YES;
				CLANG_ENABLE_OBJC_ARC = YES;
				CLANG_ENABLE_OBJC_WEAK = YES;
				CLANG_WARN_BLOCK_CAPTURE_AUTORELEASING = YES;
				CLANG_WARN_BOOL_CONVERSION = YES;
				CLANG_WARN_COMMA = YES;
				CLANG_WARN_CONSTANT_CONVERSION = YES;
				CLANG_WARN_DEPRECATED_OBJC_IMPLEMENTATIONS = YES;
				CLANG_WARN_DIRECT_OBJC_ISA_USAGE = YES_ERROR;
				CLANG_WARN_DOCUMENTATION_COMMENTS = YES;
				CLANG_WARN_EMPTY_BODY = YES;
				CLANG_WARN_ENUM_CONVERSION = YES;
				CLANG_WARN_INFINITE_RECURSION = YES;
				CLANG_WARN_INT_CONVERSION = YES;
				CLANG_WARN_NON_LITERAL_NULL_CONVERSION = YES;
				CLANG_WARN_OBJC_IMPLICIT_RETAIN_SELF = YES;
				CLANG_WARN_OBJC_LITERAL_CONVERSION = YES;
				CLANG_WARN_OBJC_ROOT_CLASS = YES_ERROR;
				CLANG_WARN_RANGE_LOOP_ANALYSIS = YES;
				CLANG_WARN_STRICT_PROTOTYPES = YES;
				CLANG_WARN_SUSPICIOUS_MOVE = YES;
				CLANG_WARN_UNGUARDED_AVAILABILITY = YES_AGGRESSIVE;
				CLANG_WARN_UNREACHABLE_CODE = YES;
				CLANG_WARN__DUPLICATE_METHOD_MATCH = YES;
				COPY_PHASE_STRIP = NO;
				DEBUG_INFORMATION_FORMAT = dwarf;
				ENABLE_STRICT_OBJC_MSGSEND = YES;
				ENABLE_TESTABILITY = YES;
				GCC_C_LANGUAGE_STANDARD = gnu11;
				GCC_DYNAMIC_NO_PIC = NO;
				GCC_NO_COMMON_BLOCKS = YES;
				GCC_OPTIMIZATION_LEVEL = 0;
				GCC_PREPROCESSOR_DEFINITIONS = (
					"DEBUG=1",
					"$(inherited)",
				);
				GCC_WARN_64_TO_32_BIT_CONVERSION = YES;
				GCC_WARN_ABOUT_RETURN_TYPE = YES_ERROR;
				GCC_WARN_UNDECLARED_SELECTOR = YES;
				GCC_WARN_UNINITIALIZED_AUTOS = YES_AGGRESSIVE;
				GCC_WARN_UNUSED_FUNCTION = YES;
				GCC_WARN_UNUSED_VARIABLE = YES;
				IPHONEOS_DEPLOYMENT_TARGET = 13.2;
				MTL_ENABLE_DEBUG_INFO = INCLUDE_SOURCE;
				MTL_FAST_MATH = YES;
				ONLY_ACTIVE_ARCH = YES;
				SDKROOT = iphoneos;
				SWIFT_ACTIVE_COMPILATION_CONDITIONS = DEBUG;
				SWIFT_OPTIMIZATION_LEVEL = "-Onone";
			};
			name = Debug;
		};
		E1C736BC2411154700E60D7C /* Release */ = {
			isa = XCBuildConfiguration;
			buildSettings = {
				ALWAYS_SEARCH_USER_PATHS = NO;
				CLANG_ANALYZER_NONNULL = YES;
				CLANG_ANALYZER_NUMBER_OBJECT_CONVERSION = YES_AGGRESSIVE;
				CLANG_CXX_LANGUAGE_STANDARD = "gnu++14";
				CLANG_CXX_LIBRARY = "libc++";
				CLANG_ENABLE_MODULES = YES;
				CLANG_ENABLE_OBJC_ARC = YES;
				CLANG_ENABLE_OBJC_WEAK = YES;
				CLANG_WARN_BLOCK_CAPTURE_AUTORELEASING = YES;
				CLANG_WARN_BOOL_CONVERSION = YES;
				CLANG_WARN_COMMA = YES;
				CLANG_WARN_CONSTANT_CONVERSION = YES;
				CLANG_WARN_DEPRECATED_OBJC_IMPLEMENTATIONS = YES;
				CLANG_WARN_DIRECT_OBJC_ISA_USAGE = YES_ERROR;
				CLANG_WARN_DOCUMENTATION_COMMENTS = YES;
				CLANG_WARN_EMPTY_BODY = YES;
				CLANG_WARN_ENUM_CONVERSION = YES;
				CLANG_WARN_INFINITE_RECURSION = YES;
				CLANG_WARN_INT_CONVERSION = YES;
				CLANG_WARN_NON_LITERAL_NULL_CONVERSION = YES;
				CLANG_WARN_OBJC_IMPLICIT_RETAIN_SELF = YES;
				CLANG_WARN_OBJC_LITERAL_CONVERSION = YES;
				CLANG_WARN_OBJC_ROOT_CLASS = YES_ERROR;
				CLANG_WARN_RANGE_LOOP_ANALYSIS = YES;
				CLANG_WARN_STRICT_PROTOTYPES = YES;
				CLANG_WARN_SUSPICIOUS_MOVE = YES;
				CLANG_WARN_UNGUARDED_AVAILABILITY = YES_AGGRESSIVE;
				CLANG_WARN_UNREACHABLE_CODE = YES;
				CLANG_WARN__DUPLICATE_METHOD_MATCH = YES;
				COPY_PHASE_STRIP = NO;
				DEBUG_INFORMATION_FORMAT = "dwarf-with-dsym";
				ENABLE_NS_ASSERTIONS = NO;
				ENABLE_STRICT_OBJC_MSGSEND = YES;
				GCC_C_LANGUAGE_STANDARD = gnu11;
				GCC_NO_COMMON_BLOCKS = YES;
				GCC_WARN_64_TO_32_BIT_CONVERSION = YES;
				GCC_WARN_ABOUT_RETURN_TYPE = YES_ERROR;
				GCC_WARN_UNDECLARED_SELECTOR = YES;
				GCC_WARN_UNINITIALIZED_AUTOS = YES_AGGRESSIVE;
				GCC_WARN_UNUSED_FUNCTION = YES;
				GCC_WARN_UNUSED_VARIABLE = YES;
				IPHONEOS_DEPLOYMENT_TARGET = 13.2;
				MTL_ENABLE_DEBUG_INFO = NO;
				MTL_FAST_MATH = YES;
				SDKROOT = iphoneos;
				SWIFT_COMPILATION_MODE = wholemodule;
				SWIFT_OPTIMIZATION_LEVEL = "-O";
				VALIDATE_PRODUCT = YES;
			};
			name = Release;
		};
		E1C736BE2411154700E60D7C /* Debug */ = {
			isa = XCBuildConfiguration;
			baseConfigurationReference = F2F9485C947B9B43A887C2E3 /* Pods-TheMovieDatabase.debug.xcconfig */;
			buildSettings = {
				ASSETCATALOG_COMPILER_APPICON_NAME = AppIcon;
				CODE_SIGN_STYLE = Automatic;
				DEVELOPMENT_TEAM = 7546G7N5MQ;
				INFOPLIST_FILE = "$(SRCROOT)/TheMovieDatabase/Supporting files/Info.plist";
				IPHONEOS_DEPLOYMENT_TARGET = 12.0;
				LD_RUNPATH_SEARCH_PATHS = (
					"$(inherited)",
					"@executable_path/Frameworks",
				);
				PRODUCT_BUNDLE_IDENTIFIER = com.redmadrobot.TheMovieDatabase;
				PRODUCT_NAME = "$(TARGET_NAME)";
				SWIFT_VERSION = 5.0;
				TARGETED_DEVICE_FAMILY = 1;
			};
			name = Debug;
		};
		E1C736BF2411154700E60D7C /* Release */ = {
			isa = XCBuildConfiguration;
			baseConfigurationReference = B69970511E691E7B3E2CDE77 /* Pods-TheMovieDatabase.release.xcconfig */;
			buildSettings = {
				ASSETCATALOG_COMPILER_APPICON_NAME = AppIcon;
				CODE_SIGN_STYLE = Automatic;
				DEVELOPMENT_TEAM = 7546G7N5MQ;
				INFOPLIST_FILE = "$(SRCROOT)/TheMovieDatabase/Supporting files/Info.plist";
				IPHONEOS_DEPLOYMENT_TARGET = 12.0;
				LD_RUNPATH_SEARCH_PATHS = (
					"$(inherited)",
					"@executable_path/Frameworks",
				);
				PRODUCT_BUNDLE_IDENTIFIER = com.redmadrobot.TheMovieDatabase;
				PRODUCT_NAME = "$(TARGET_NAME)";
				SWIFT_VERSION = 5.0;
				TARGETED_DEVICE_FAMILY = 1;
			};
			name = Release;
		};
		E1C736C12411154700E60D7C /* Debug */ = {
			isa = XCBuildConfiguration;
			baseConfigurationReference = 2D8E8C481D6F762EB6167C2C /* Pods-TheMovieDatabaseTests.debug.xcconfig */;
			buildSettings = {
				ALWAYS_EMBED_SWIFT_STANDARD_LIBRARIES = YES;
				BUNDLE_LOADER = "$(TEST_HOST)";
				CODE_SIGN_STYLE = Automatic;
				INFOPLIST_FILE = TheMovieDatabaseTests/Info.plist;
				IPHONEOS_DEPLOYMENT_TARGET = 13.2;
				LD_RUNPATH_SEARCH_PATHS = (
					"$(inherited)",
					"@executable_path/Frameworks",
					"@loader_path/Frameworks",
				);
				PRODUCT_BUNDLE_IDENTIFIER = com.redmadrobot.TheMovieDatabase.TheMovieDatabaseTests;
				PRODUCT_NAME = "$(TARGET_NAME)";
				SWIFT_VERSION = 5.0;
				TARGETED_DEVICE_FAMILY = "1,2";
				TEST_HOST = "$(BUILT_PRODUCTS_DIR)/TheMovieDatabase.app/TheMovieDatabase";
			};
			name = Debug;
		};
		E1C736C22411154700E60D7C /* Release */ = {
			isa = XCBuildConfiguration;
			baseConfigurationReference = F19F5C25969CC56FED218C66 /* Pods-TheMovieDatabaseTests.release.xcconfig */;
			buildSettings = {
				ALWAYS_EMBED_SWIFT_STANDARD_LIBRARIES = YES;
				BUNDLE_LOADER = "$(TEST_HOST)";
				CODE_SIGN_STYLE = Automatic;
				INFOPLIST_FILE = TheMovieDatabaseTests/Info.plist;
				IPHONEOS_DEPLOYMENT_TARGET = 13.2;
				LD_RUNPATH_SEARCH_PATHS = (
					"$(inherited)",
					"@executable_path/Frameworks",
					"@loader_path/Frameworks",
				);
				PRODUCT_BUNDLE_IDENTIFIER = com.redmadrobot.TheMovieDatabase.TheMovieDatabaseTests;
				PRODUCT_NAME = "$(TARGET_NAME)";
				SWIFT_VERSION = 5.0;
				TARGETED_DEVICE_FAMILY = "1,2";
				TEST_HOST = "$(BUILT_PRODUCTS_DIR)/TheMovieDatabase.app/TheMovieDatabase";
			};
			name = Release;
		};
/* End XCBuildConfiguration section */

/* Begin XCConfigurationList section */
		E1C736992411153B00E60D7C /* Build configuration list for PBXProject "TheMovieDatabase" */ = {
			isa = XCConfigurationList;
			buildConfigurations = (
				E1C736BB2411154700E60D7C /* Debug */,
				E1C736BC2411154700E60D7C /* Release */,
			);
			defaultConfigurationIsVisible = 0;
			defaultConfigurationName = Release;
		};
		E1C736BD2411154700E60D7C /* Build configuration list for PBXNativeTarget "TheMovieDatabase" */ = {
			isa = XCConfigurationList;
			buildConfigurations = (
				E1C736BE2411154700E60D7C /* Debug */,
				E1C736BF2411154700E60D7C /* Release */,
			);
			defaultConfigurationIsVisible = 0;
			defaultConfigurationName = Release;
		};
		E1C736C02411154700E60D7C /* Build configuration list for PBXNativeTarget "TheMovieDatabaseTests" */ = {
			isa = XCConfigurationList;
			buildConfigurations = (
				E1C736C12411154700E60D7C /* Debug */,
				E1C736C22411154700E60D7C /* Release */,
			);
			defaultConfigurationIsVisible = 0;
			defaultConfigurationName = Release;
		};
/* End XCConfigurationList section */
	};
	rootObject = E1C736962411153B00E60D7C /* Project object */;
}
